
Microsoft Visual Studio Solution File, Format Version 12.00
# Visual Studio Version 17
VisualStudioVersion = 17.9.34622.214
MinimumVisualStudioVersion = 10.0.40219.1
Project("{FAE04EC0-301F-11D3-BF4B-00C04F79EFBC}") = "Core_DI_8", "Core_DI_8\Core_DI_8.csproj", "{95FB1D72-3DDB-431E-A75A-6F43B2A85888}"
EndProject
Global
	GlobalSection(SolutionConfigurationPlatforms) = preSolution
		Debug|Any CPU = Debug|Any CPU
		Release|Any CPU = Release|Any CPU
	EndGlobalSection
	GlobalSection(ProjectConfigurationPlatforms) = postSolution
		{95FB1D72-3DDB-431E-A75A-6F43B2A85888}.Debug|Any CPU.ActiveCfg = Debug|Any CPU
		{95FB1D72-3DDB-431E-A75A-6F43B2A85888}.Debug|Any CPU.Build.0 = Debug|Any CPU
		{95FB1D72-3DDB-431E-A75A-6F43B2A85888}.Release|Any CPU.ActiveCfg = Release|Any CPU
		{95FB1D72-3DDB-431E-A75A-6F43B2A85888}.Release|Any CPU.Build.0 = Release|Any CPU
	EndGlobalSection
	GlobalSection(SolutionProperties) = preSolution
		HideSolutionNode = FALSE
	EndGlobalSection
	GlobalSection(ExtensibilityGlobals) = postSolution
		SolutionGuid = {E12A16BB-B6C8-4673-9518-D106E3D2CE00}
	EndGlobalSection
EndGlobal
